// !$*UTF8*$!
{
	archiveVersion = 1;
	classes = {
	};
	objectVersion = 56;
	objects = {

/* Begin PBXBuildFile section */
		52F3DA242BDF3289001354E5 /* AnimaliaApp.swift in Sources */ = {isa = PBXBuildFile; fileRef = 52F3DA232BDF3289001354E5 /* AnimaliaApp.swift */; };
		52F3DA262BDF3289001354E5 /* ContentView.swift in Sources */ = {isa = PBXBuildFile; fileRef = 52F3DA252BDF3289001354E5 /* ContentView.swift */; };
		52F3DA282BDF328A001354E5 /* Assets.xcassets in Resources */ = {isa = PBXBuildFile; fileRef = 52F3DA272BDF328A001354E5 /* Assets.xcassets */; };
		52F3DA2B2BDF328A001354E5 /* Preview Assets.xcassets in Resources */ = {isa = PBXBuildFile; fileRef = 52F3DA2A2BDF328A001354E5 /* Preview Assets.xcassets */; };
		52F3DA352BDF328A001354E5 /* AnimaliaTests.swift in Sources */ = {isa = PBXBuildFile; fileRef = 52F3DA342BDF328A001354E5 /* AnimaliaTests.swift */; };
		52F3DA3F2BDF328A001354E5 /* AnimaliaUITests.swift in Sources */ = {isa = PBXBuildFile; fileRef = 52F3DA3E2BDF328A001354E5 /* AnimaliaUITests.swift */; };
		52F3DA412BDF328A001354E5 /* AnimaliaUITestsLaunchTests.swift in Sources */ = {isa = PBXBuildFile; fileRef = 52F3DA402BDF328A001354E5 /* AnimaliaUITestsLaunchTests.swift */; };
		52F3DA562BDF357C001354E5 /* animals.json in Resources */ = {isa = PBXBuildFile; fileRef = 52F3DA512BDF357C001354E5 /* animals.json */; };
		52F3DA572BDF357C001354E5 /* covers.json in Resources */ = {isa = PBXBuildFile; fileRef = 52F3DA522BDF357C001354E5 /* covers.json */; };
		52F3DA582BDF357C001354E5 /* locations.json in Resources */ = {isa = PBXBuildFile; fileRef = 52F3DA532BDF357C001354E5 /* locations.json */; };
		52F3DA592BDF357C001354E5 /* videos.json in Resources */ = {isa = PBXBuildFile; fileRef = 52F3DA542BDF357C001354E5 /* videos.json */; };
		52F3DA652BDF35B6001354E5 /* cheetah.mp4 in Resources */ = {isa = PBXBuildFile; fileRef = 52F3DA5A2BDF35B6001354E5 /* cheetah.mp4 */; };
		52F3DA662BDF35B6001354E5 /* elephant.mp4 in Resources */ = {isa = PBXBuildFile; fileRef = 52F3DA5B2BDF35B6001354E5 /* elephant.mp4 */; };
		52F3DA672BDF35B6001354E5 /* giraffe.mp4 in Resources */ = {isa = PBXBuildFile; fileRef = 52F3DA5C2BDF35B6001354E5 /* giraffe.mp4 */; };
		52F3DA682BDF35B6001354E5 /* gorilla.mp4 in Resources */ = {isa = PBXBuildFile; fileRef = 52F3DA5D2BDF35B6001354E5 /* gorilla.mp4 */; };
		52F3DA692BDF35B6001354E5 /* hippo.mp4 in Resources */ = {isa = PBXBuildFile; fileRef = 52F3DA5E2BDF35B6001354E5 /* hippo.mp4 */; };
		52F3DA6A2BDF35B6001354E5 /* lion.mp4 in Resources */ = {isa = PBXBuildFile; fileRef = 52F3DA5F2BDF35B6001354E5 /* lion.mp4 */; };
		52F3DA6B2BDF35B6001354E5 /* lioness.mp4 in Resources */ = {isa = PBXBuildFile; fileRef = 52F3DA602BDF35B6001354E5 /* lioness.mp4 */; };
		52F3DA6C2BDF35B6001354E5 /* ostrich.mp4 in Resources */ = {isa = PBXBuildFile; fileRef = 52F3DA612BDF35B6001354E5 /* ostrich.mp4 */; };
		52F3DA6D2BDF35B6001354E5 /* rhino.mp4 in Resources */ = {isa = PBXBuildFile; fileRef = 52F3DA622BDF35B6001354E5 /* rhino.mp4 */; };
		52F3DA6E2BDF35B6001354E5 /* zebra.mp4 in Resources */ = {isa = PBXBuildFile; fileRef = 52F3DA632BDF35B6001354E5 /* zebra.mp4 */; };
		52F3DA722BDF37EC001354E5 /* CoverImageView.swift in Sources */ = {isa = PBXBuildFile; fileRef = 52F3DA712BDF37EC001354E5 /* CoverImageView.swift */; };
		52F3DA742BDF38F4001354E5 /* CoverImageModel.swift in Sources */ = {isa = PBXBuildFile; fileRef = 52F3DA732BDF38F4001354E5 /* CoverImageModel.swift */; };
		52F3DA772BDF39C1001354E5 /* Bundle+Ext.swift in Sources */ = {isa = PBXBuildFile; fileRef = 52F3DA762BDF39C1001354E5 /* Bundle+Ext.swift */; };
/* End PBXBuildFile section */

/* Begin PBXContainerItemProxy section */
		52F3DA312BDF328A001354E5 /* PBXContainerItemProxy */ = {
			isa = PBXContainerItemProxy;
			containerPortal = 52F3DA182BDF3288001354E5 /* Project object */;
			proxyType = 1;
			remoteGlobalIDString = 52F3DA1F2BDF3289001354E5;
			remoteInfo = Animalia;
		};
		52F3DA3B2BDF328A001354E5 /* PBXContainerItemProxy */ = {
			isa = PBXContainerItemProxy;
			containerPortal = 52F3DA182BDF3288001354E5 /* Project object */;
			proxyType = 1;
			remoteGlobalIDString = 52F3DA1F2BDF3289001354E5;
			remoteInfo = Animalia;
		};
/* End PBXContainerItemProxy section */

/* Begin PBXFileReference section */
		52F3DA202BDF3289001354E5 /* Animalia.app */ = {isa = PBXFileReference; explicitFileType = wrapper.application; includeInIndex = 0; path = Animalia.app; sourceTree = BUILT_PRODUCTS_DIR; };
		52F3DA232BDF3289001354E5 /* AnimaliaApp.swift */ = {isa = PBXFileReference; lastKnownFileType = sourcecode.swift; path = AnimaliaApp.swift; sourceTree = "<group>"; };
		52F3DA252BDF3289001354E5 /* ContentView.swift */ = {isa = PBXFileReference; lastKnownFileType = sourcecode.swift; path = ContentView.swift; sourceTree = "<group>"; };
		52F3DA272BDF328A001354E5 /* Assets.xcassets */ = {isa = PBXFileReference; lastKnownFileType = folder.assetcatalog; path = Assets.xcassets; sourceTree = "<group>"; };
		52F3DA2A2BDF328A001354E5 /* Preview Assets.xcassets */ = {isa = PBXFileReference; lastKnownFileType = folder.assetcatalog; path = "Preview Assets.xcassets"; sourceTree = "<group>"; };
		52F3DA302BDF328A001354E5 /* AnimaliaTests.xctest */ = {isa = PBXFileReference; explicitFileType = wrapper.cfbundle; includeInIndex = 0; path = AnimaliaTests.xctest; sourceTree = BUILT_PRODUCTS_DIR; };
		52F3DA342BDF328A001354E5 /* AnimaliaTests.swift */ = {isa = PBXFileReference; lastKnownFileType = sourcecode.swift; path = AnimaliaTests.swift; sourceTree = "<group>"; };
		52F3DA3A2BDF328A001354E5 /* AnimaliaUITests.xctest */ = {isa = PBXFileReference; explicitFileType = wrapper.cfbundle; includeInIndex = 0; path = AnimaliaUITests.xctest; sourceTree = BUILT_PRODUCTS_DIR; };
		52F3DA3E2BDF328A001354E5 /* AnimaliaUITests.swift */ = {isa = PBXFileReference; lastKnownFileType = sourcecode.swift; path = AnimaliaUITests.swift; sourceTree = "<group>"; };
		52F3DA402BDF328A001354E5 /* AnimaliaUITestsLaunchTests.swift */ = {isa = PBXFileReference; lastKnownFileType = sourcecode.swift; path = AnimaliaUITestsLaunchTests.swift; sourceTree = "<group>"; };
		52F3DA512BDF357C001354E5 /* animals.json */ = {isa = PBXFileReference; fileEncoding = 4; lastKnownFileType = text.json; path = animals.json; sourceTree = "<group>"; };
		52F3DA522BDF357C001354E5 /* covers.json */ = {isa = PBXFileReference; fileEncoding = 4; lastKnownFileType = text.json; path = covers.json; sourceTree = "<group>"; };
		52F3DA532BDF357C001354E5 /* locations.json */ = {isa = PBXFileReference; fileEncoding = 4; lastKnownFileType = text.json; path = locations.json; sourceTree = "<group>"; };
		52F3DA542BDF357C001354E5 /* videos.json */ = {isa = PBXFileReference; fileEncoding = 4; lastKnownFileType = text.json; path = videos.json; sourceTree = "<group>"; };
		52F3DA5A2BDF35B6001354E5 /* cheetah.mp4 */ = {isa = PBXFileReference; lastKnownFileType = file; path = cheetah.mp4; sourceTree = "<group>"; };
		52F3DA5B2BDF35B6001354E5 /* elephant.mp4 */ = {isa = PBXFileReference; lastKnownFileType = file; path = elephant.mp4; sourceTree = "<group>"; };
		52F3DA5C2BDF35B6001354E5 /* giraffe.mp4 */ = {isa = PBXFileReference; lastKnownFileType = file; path = giraffe.mp4; sourceTree = "<group>"; };
		52F3DA5D2BDF35B6001354E5 /* gorilla.mp4 */ = {isa = PBXFileReference; lastKnownFileType = file; path = gorilla.mp4; sourceTree = "<group>"; };
		52F3DA5E2BDF35B6001354E5 /* hippo.mp4 */ = {isa = PBXFileReference; lastKnownFileType = file; path = hippo.mp4; sourceTree = "<group>"; };
		52F3DA5F2BDF35B6001354E5 /* lion.mp4 */ = {isa = PBXFileReference; lastKnownFileType = file; path = lion.mp4; sourceTree = "<group>"; };
		52F3DA602BDF35B6001354E5 /* lioness.mp4 */ = {isa = PBXFileReference; lastKnownFileType = file; path = lioness.mp4; sourceTree = "<group>"; };
		52F3DA612BDF35B6001354E5 /* ostrich.mp4 */ = {isa = PBXFileReference; lastKnownFileType = file; path = ostrich.mp4; sourceTree = "<group>"; };
		52F3DA622BDF35B6001354E5 /* rhino.mp4 */ = {isa = PBXFileReference; lastKnownFileType = file; path = rhino.mp4; sourceTree = "<group>"; };
		52F3DA632BDF35B6001354E5 /* zebra.mp4 */ = {isa = PBXFileReference; lastKnownFileType = file; path = zebra.mp4; sourceTree = "<group>"; };
		52F3DA712BDF37EC001354E5 /* CoverImageView.swift */ = {isa = PBXFileReference; lastKnownFileType = sourcecode.swift; path = CoverImageView.swift; sourceTree = "<group>"; };
		52F3DA732BDF38F4001354E5 /* CoverImageModel.swift */ = {isa = PBXFileReference; lastKnownFileType = sourcecode.swift; path = CoverImageModel.swift; sourceTree = "<group>"; };
		52F3DA762BDF39C1001354E5 /* Bundle+Ext.swift */ = {isa = PBXFileReference; lastKnownFileType = sourcecode.swift; path = "Bundle+Ext.swift"; sourceTree = "<group>"; };
/* End PBXFileReference section */

/* Begin PBXFrameworksBuildPhase section */
		52F3DA1D2BDF3289001354E5 /* Frameworks */ = {
			isa = PBXFrameworksBuildPhase;
			buildActionMask = 2147483647;
			files = (
			);
			runOnlyForDeploymentPostprocessing = 0;
		};
		52F3DA2D2BDF328A001354E5 /* Frameworks */ = {
			isa = PBXFrameworksBuildPhase;
			buildActionMask = 2147483647;
			files = (
			);
			runOnlyForDeploymentPostprocessing = 0;
		};
		52F3DA372BDF328A001354E5 /* Frameworks */ = {
			isa = PBXFrameworksBuildPhase;
			buildActionMask = 2147483647;
			files = (
			);
			runOnlyForDeploymentPostprocessing = 0;
		};
/* End PBXFrameworksBuildPhase section */

/* Begin PBXGroup section */
		52F3DA172BDF3288001354E5 = {
			isa = PBXGroup;
			children = (
				52F3DA222BDF3289001354E5 /* Animalia */,
				52F3DA332BDF328A001354E5 /* AnimaliaTests */,
				52F3DA3D2BDF328A001354E5 /* AnimaliaUITests */,
				52F3DA212BDF3289001354E5 /* Products */,
			);
			sourceTree = "<group>";
		};
		52F3DA212BDF3289001354E5 /* Products */ = {
			isa = PBXGroup;
			children = (
				52F3DA202BDF3289001354E5 /* Animalia.app */,
				52F3DA302BDF328A001354E5 /* AnimaliaTests.xctest */,
				52F3DA3A2BDF328A001354E5 /* AnimaliaUITests.xctest */,
			);
			name = Products;
			sourceTree = "<group>";
		};
		52F3DA222BDF3289001354E5 /* Animalia */ = {
			isa = PBXGroup;
			children = (
				52F3DA752BDF3985001354E5 /* Extensions */,
				52F3DA6F2BDF37A1001354E5 /* Modules */,
				52F3DA4F2BDF32AA001354E5 /* App */,
				52F3DA4E2BDF32A3001354E5 /* Main */,
				52F3DA4D2BDF3299001354E5 /* Resources */,
				52F3DA292BDF328A001354E5 /* Preview Content */,
			);
			path = Animalia;
			sourceTree = "<group>";
		};
		52F3DA292BDF328A001354E5 /* Preview Content */ = {
			isa = PBXGroup;
			children = (
				52F3DA2A2BDF328A001354E5 /* Preview Assets.xcassets */,
			);
			path = "Preview Content";
			sourceTree = "<group>";
		};
		52F3DA332BDF328A001354E5 /* AnimaliaTests */ = {
			isa = PBXGroup;
			children = (
				52F3DA342BDF328A001354E5 /* AnimaliaTests.swift */,
			);
			path = AnimaliaTests;
			sourceTree = "<group>";
		};
		52F3DA3D2BDF328A001354E5 /* AnimaliaUITests */ = {
			isa = PBXGroup;
			children = (
				52F3DA3E2BDF328A001354E5 /* AnimaliaUITests.swift */,
				52F3DA402BDF328A001354E5 /* AnimaliaUITestsLaunchTests.swift */,
			);
			path = AnimaliaUITests;
			sourceTree = "<group>";
		};
		52F3DA4D2BDF3299001354E5 /* Resources */ = {
			isa = PBXGroup;
			children = (
				52F3DA642BDF35B6001354E5 /* Video */,
				52F3DA552BDF357C001354E5 /* Data */,
				52F3DA272BDF328A001354E5 /* Assets.xcassets */,
			);
			path = Resources;
			sourceTree = "<group>";
		};
		52F3DA4E2BDF32A3001354E5 /* Main */ = {
			isa = PBXGroup;
			children = (
				52F3DA252BDF3289001354E5 /* ContentView.swift */,
			);
			path = Main;
			sourceTree = "<group>";
		};
		52F3DA4F2BDF32AA001354E5 /* App */ = {
			isa = PBXGroup;
			children = (
				52F3DA232BDF3289001354E5 /* AnimaliaApp.swift */,
			);
			path = App;
			sourceTree = "<group>";
		};
		52F3DA502BDF32AF001354E5 /* Model */ = {
			isa = PBXGroup;
			children = (
				52F3DA732BDF38F4001354E5 /* CoverImageModel.swift */,
			);
			path = Model;
			sourceTree = "<group>";
		};
		52F3DA552BDF357C001354E5 /* Data */ = {
			isa = PBXGroup;
			children = (
				52F3DA512BDF357C001354E5 /* animals.json */,
				52F3DA522BDF357C001354E5 /* covers.json */,
				52F3DA532BDF357C001354E5 /* locations.json */,
				52F3DA542BDF357C001354E5 /* videos.json */,
			);
			path = Data;
			sourceTree = "<group>";
		};
		52F3DA642BDF35B6001354E5 /* Video */ = {
			isa = PBXGroup;
			children = (
				52F3DA5A2BDF35B6001354E5 /* cheetah.mp4 */,
				52F3DA5B2BDF35B6001354E5 /* elephant.mp4 */,
				52F3DA5C2BDF35B6001354E5 /* giraffe.mp4 */,
				52F3DA5D2BDF35B6001354E5 /* gorilla.mp4 */,
				52F3DA5E2BDF35B6001354E5 /* hippo.mp4 */,
				52F3DA5F2BDF35B6001354E5 /* lion.mp4 */,
				52F3DA602BDF35B6001354E5 /* lioness.mp4 */,
				52F3DA612BDF35B6001354E5 /* ostrich.mp4 */,
				52F3DA622BDF35B6001354E5 /* rhino.mp4 */,
				52F3DA632BDF35B6001354E5 /* zebra.mp4 */,
			);
			path = Video;
			sourceTree = "<group>";
		};
		52F3DA6F2BDF37A1001354E5 /* Modules */ = {
			isa = PBXGroup;
			children = (
				52F3DA502BDF32AF001354E5 /* Model */,
				52F3DA702BDF37B6001354E5 /* Screen */,
			);
			path = Modules;
			sourceTree = "<group>";
		};
		52F3DA702BDF37B6001354E5 /* Screen */ = {
			isa = PBXGroup;
			children = (
				52F3DA712BDF37EC001354E5 /* CoverImageView.swift */,
			);
			path = Screen;
			sourceTree = "<group>";
		};
		52F3DA752BDF3985001354E5 /* Extensions */ = {
			isa = PBXGroup;
			children = (
				52F3DA762BDF39C1001354E5 /* Bundle+Ext.swift */,
			);
			path = Extensions;
			sourceTree = "<group>";
		};
/* End PBXGroup section */

/* Begin PBXNativeTarget section */
		52F3DA1F2BDF3289001354E5 /* Animalia */ = {
			isa = PBXNativeTarget;
			buildConfigurationList = 52F3DA442BDF328A001354E5 /* Build configuration list for PBXNativeTarget "Animalia" */;
			buildPhases = (
				52F3DA1C2BDF3289001354E5 /* Sources */,
				52F3DA1D2BDF3289001354E5 /* Frameworks */,
				52F3DA1E2BDF3289001354E5 /* Resources */,
			);
			buildRules = (
			);
			dependencies = (
			);
			name = Animalia;
			productName = Animalia;
			productReference = 52F3DA202BDF3289001354E5 /* Animalia.app */;
			productType = "com.apple.product-type.application";
		};
		52F3DA2F2BDF328A001354E5 /* AnimaliaTests */ = {
			isa = PBXNativeTarget;
			buildConfigurationList = 52F3DA472BDF328A001354E5 /* Build configuration list for PBXNativeTarget "AnimaliaTests" */;
			buildPhases = (
				52F3DA2C2BDF328A001354E5 /* Sources */,
				52F3DA2D2BDF328A001354E5 /* Frameworks */,
				52F3DA2E2BDF328A001354E5 /* Resources */,
			);
			buildRules = (
			);
			dependencies = (
				52F3DA322BDF328A001354E5 /* PBXTargetDependency */,
			);
			name = AnimaliaTests;
			productName = AnimaliaTests;
			productReference = 52F3DA302BDF328A001354E5 /* AnimaliaTests.xctest */;
			productType = "com.apple.product-type.bundle.unit-test";
		};
		52F3DA392BDF328A001354E5 /* AnimaliaUITests */ = {
			isa = PBXNativeTarget;
			buildConfigurationList = 52F3DA4A2BDF328A001354E5 /* Build configuration list for PBXNativeTarget "AnimaliaUITests" */;
			buildPhases = (
				52F3DA362BDF328A001354E5 /* Sources */,
				52F3DA372BDF328A001354E5 /* Frameworks */,
				52F3DA382BDF328A001354E5 /* Resources */,
			);
			buildRules = (
			);
			dependencies = (
				52F3DA3C2BDF328A001354E5 /* PBXTargetDependency */,
			);
			name = AnimaliaUITests;
			productName = AnimaliaUITests;
			productReference = 52F3DA3A2BDF328A001354E5 /* AnimaliaUITests.xctest */;
			productType = "com.apple.product-type.bundle.ui-testing";
		};
/* End PBXNativeTarget section */

/* Begin PBXProject section */
		52F3DA182BDF3288001354E5 /* Project object */ = {
			isa = PBXProject;
			attributes = {
				BuildIndependentTargetsInParallel = 1;
				LastSwiftUpdateCheck = 1530;
				LastUpgradeCheck = 1530;
				TargetAttributes = {
					52F3DA1F2BDF3289001354E5 = {
						CreatedOnToolsVersion = 15.3;
					};
					52F3DA2F2BDF328A001354E5 = {
						CreatedOnToolsVersion = 15.3;
						TestTargetID = 52F3DA1F2BDF3289001354E5;
					};
					52F3DA392BDF328A001354E5 = {
						CreatedOnToolsVersion = 15.3;
						TestTargetID = 52F3DA1F2BDF3289001354E5;
					};
				};
			};
			buildConfigurationList = 52F3DA1B2BDF3288001354E5 /* Build configuration list for PBXProject "Animalia" */;
			compatibilityVersion = "Xcode 14.0";
			developmentRegion = en;
			hasScannedForEncodings = 0;
			knownRegions = (
				en,
				Base,
			);
			mainGroup = 52F3DA172BDF3288001354E5;
			productRefGroup = 52F3DA212BDF3289001354E5 /* Products */;
			projectDirPath = "";
			projectRoot = "";
			targets = (
				52F3DA1F2BDF3289001354E5 /* Animalia */,
				52F3DA2F2BDF328A001354E5 /* AnimaliaTests */,
				52F3DA392BDF328A001354E5 /* AnimaliaUITests */,
			);
		};
/* End PBXProject section */

/* Begin PBXResourcesBuildPhase section */
		52F3DA1E2BDF3289001354E5 /* Resources */ = {
			isa = PBXResourcesBuildPhase;
			buildActionMask = 2147483647;
			files = (
				52F3DA562BDF357C001354E5 /* animals.json in Resources */,
				52F3DA6A2BDF35B6001354E5 /* lion.mp4 in Resources */,
				52F3DA692BDF35B6001354E5 /* hippo.mp4 in Resources */,
				52F3DA6D2BDF35B6001354E5 /* rhino.mp4 in Resources */,
				52F3DA572BDF357C001354E5 /* covers.json in Resources */,
				52F3DA6B2BDF35B6001354E5 /* lioness.mp4 in Resources */,
				52F3DA682BDF35B6001354E5 /* gorilla.mp4 in Resources */,
				52F3DA582BDF357C001354E5 /* locations.json in Resources */,
				52F3DA2B2BDF328A001354E5 /* Preview Assets.xcassets in Resources */,
				52F3DA6C2BDF35B6001354E5 /* ostrich.mp4 in Resources */,
				52F3DA662BDF35B6001354E5 /* elephant.mp4 in Resources */,
				52F3DA282BDF328A001354E5 /* Assets.xcassets in Resources */,
				52F3DA6E2BDF35B6001354E5 /* zebra.mp4 in Resources */,
				52F3DA592BDF357C001354E5 /* videos.json in Resources */,
				52F3DA652BDF35B6001354E5 /* cheetah.mp4 in Resources */,
				52F3DA672BDF35B6001354E5 /* giraffe.mp4 in Resources */,
			);
			runOnlyForDeploymentPostprocessing = 0;
		};
		52F3DA2E2BDF328A001354E5 /* Resources */ = {
			isa = PBXResourcesBuildPhase;
			buildActionMask = 2147483647;
			files = (
			);
			runOnlyForDeploymentPostprocessing = 0;
		};
		52F3DA382BDF328A001354E5 /* Resources */ = {
			isa = PBXResourcesBuildPhase;
			buildActionMask = 2147483647;
			files = (
			);
			runOnlyForDeploymentPostprocessing = 0;
		};
/* End PBXResourcesBuildPhase section */

/* Begin PBXSourcesBuildPhase section */
		52F3DA1C2BDF3289001354E5 /* Sources */ = {
			isa = PBXSourcesBuildPhase;
			buildActionMask = 2147483647;
			files = (
				52F3DA262BDF3289001354E5 /* ContentView.swift in Sources */,
				52F3DA722BDF37EC001354E5 /* CoverImageView.swift in Sources */,
				52F3DA772BDF39C1001354E5 /* Bundle+Ext.swift in Sources */,
				52F3DA242BDF3289001354E5 /* AnimaliaApp.swift in Sources */,
				52F3DA742BDF38F4001354E5 /* CoverImageModel.swift in Sources */,
			);
			runOnlyForDeploymentPostprocessing = 0;
		};
		52F3DA2C2BDF328A001354E5 /* Sources */ = {
			isa = PBXSourcesBuildPhase;
			buildActionMask = 2147483647;
			files = (
				52F3DA352BDF328A001354E5 /* AnimaliaTests.swift in Sources */,
			);
			runOnlyForDeploymentPostprocessing = 0;
		};
		52F3DA362BDF328A001354E5 /* Sources */ = {
			isa = PBXSourcesBuildPhase;
			buildActionMask = 2147483647;
			files = (
				52F3DA412BDF328A001354E5 /* AnimaliaUITestsLaunchTests.swift in Sources */,
				52F3DA3F2BDF328A001354E5 /* AnimaliaUITests.swift in Sources */,
			);
			runOnlyForDeploymentPostprocessing = 0;
		};
/* End PBXSourcesBuildPhase section */

/* Begin PBXTargetDependency section */
		52F3DA322BDF328A001354E5 /* PBXTargetDependency */ = {
			isa = PBXTargetDependency;
			target = 52F3DA1F2BDF3289001354E5 /* Animalia */;
			targetProxy = 52F3DA312BDF328A001354E5 /* PBXContainerItemProxy */;
		};
		52F3DA3C2BDF328A001354E5 /* PBXTargetDependency */ = {
			isa = PBXTargetDependency;
			target = 52F3DA1F2BDF3289001354E5 /* Animalia */;
			targetProxy = 52F3DA3B2BDF328A001354E5 /* PBXContainerItemProxy */;
		};
/* End PBXTargetDependency section */

/* Begin XCBuildConfiguration section */
		52F3DA422BDF328A001354E5 /* Debug */ = {
			isa = XCBuildConfiguration;
			buildSettings = {
				ALWAYS_SEARCH_USER_PATHS = NO;
				ASSETCATALOG_COMPILER_GENERATE_SWIFT_ASSET_SYMBOL_EXTENSIONS = YES;
				CLANG_ANALYZER_NONNULL = YES;
				CLANG_ANALYZER_NUMBER_OBJECT_CONVERSION = YES_AGGRESSIVE;
				CLANG_CXX_LANGUAGE_STANDARD = "gnu++20";
				CLANG_ENABLE_MODULES = YES;
				CLANG_ENABLE_OBJC_ARC = YES;
				CLANG_ENABLE_OBJC_WEAK = YES;
				CLANG_WARN_BLOCK_CAPTURE_AUTORELEASING = YES;
				CLANG_WARN_BOOL_CONVERSION = YES;
				CLANG_WARN_COMMA = YES;
				CLANG_WARN_CONSTANT_CONVERSION = YES;
				CLANG_WARN_DEPRECATED_OBJC_IMPLEMENTATIONS = YES;
				CLANG_WARN_DIRECT_OBJC_ISA_USAGE = YES_ERROR;
				CLANG_WARN_DOCUMENTATION_COMMENTS = YES;
				CLANG_WARN_EMPTY_BODY = YES;
				CLANG_WARN_ENUM_CONVERSION = YES;
				CLANG_WARN_INFINITE_RECURSION = YES;
				CLANG_WARN_INT_CONVERSION = YES;
				CLANG_WARN_NON_LITERAL_NULL_CONVERSION = YES;
				CLANG_WARN_OBJC_IMPLICIT_RETAIN_SELF = YES;
				CLANG_WARN_OBJC_LITERAL_CONVERSION = YES;
				CLANG_WARN_OBJC_ROOT_CLASS = YES_ERROR;
				CLANG_WARN_QUOTED_INCLUDE_IN_FRAMEWORK_HEADER = YES;
				CLANG_WARN_RANGE_LOOP_ANALYSIS = YES;
				CLANG_WARN_STRICT_PROTOTYPES = YES;
				CLANG_WARN_SUSPICIOUS_MOVE = YES;
				CLANG_WARN_UNGUARDED_AVAILABILITY = YES_AGGRESSIVE;
				CLANG_WARN_UNREACHABLE_CODE = YES;
				CLANG_WARN__DUPLICATE_METHOD_MATCH = YES;
				COPY_PHASE_STRIP = NO;
				DEBUG_INFORMATION_FORMAT = dwarf;
				ENABLE_STRICT_OBJC_MSGSEND = YES;
				ENABLE_TESTABILITY = YES;
				ENABLE_USER_SCRIPT_SANDBOXING = YES;
				GCC_C_LANGUAGE_STANDARD = gnu17;
				GCC_DYNAMIC_NO_PIC = NO;
				GCC_NO_COMMON_BLOCKS = YES;
				GCC_OPTIMIZATION_LEVEL = 0;
				GCC_PREPROCESSOR_DEFINITIONS = (
					"DEBUG=1",
					"$(inherited)",
				);
				GCC_WARN_64_TO_32_BIT_CONVERSION = YES;
				GCC_WARN_ABOUT_RETURN_TYPE = YES_ERROR;
				GCC_WARN_UNDECLARED_SELECTOR = YES;
				GCC_WARN_UNINITIALIZED_AUTOS = YES_AGGRESSIVE;
				GCC_WARN_UNUSED_FUNCTION = YES;
				GCC_WARN_UNUSED_VARIABLE = YES;
				IPHONEOS_DEPLOYMENT_TARGET = 17.4;
				LOCALIZATION_PREFERS_STRING_CATALOGS = YES;
				MTL_ENABLE_DEBUG_INFO = INCLUDE_SOURCE;
				MTL_FAST_MATH = YES;
				ONLY_ACTIVE_ARCH = YES;
				SDKROOT = iphoneos;
				SWIFT_ACTIVE_COMPILATION_CONDITIONS = "DEBUG $(inherited)";
				SWIFT_OPTIMIZATION_LEVEL = "-Onone";
			};
			name = Debug;
		};
		52F3DA432BDF328A001354E5 /* Release */ = {
			isa = XCBuildConfiguration;
			buildSettings = {
				ALWAYS_SEARCH_USER_PATHS = NO;
				ASSETCATALOG_COMPILER_GENERATE_SWIFT_ASSET_SYMBOL_EXTENSIONS = YES;
				CLANG_ANALYZER_NONNULL = YES;
				CLANG_ANALYZER_NUMBER_OBJECT_CONVERSION = YES_AGGRESSIVE;
				CLANG_CXX_LANGUAGE_STANDARD = "gnu++20";
				CLANG_ENABLE_MODULES = YES;
				CLANG_ENABLE_OBJC_ARC = YES;
				CLANG_ENABLE_OBJC_WEAK = YES;
				CLANG_WARN_BLOCK_CAPTURE_AUTORELEASING = YES;
				CLANG_WARN_BOOL_CONVERSION = YES;
				CLANG_WARN_COMMA = YES;
				CLANG_WARN_CONSTANT_CONVERSION = YES;
				CLANG_WARN_DEPRECATED_OBJC_IMPLEMENTATIONS = YES;
				CLANG_WARN_DIRECT_OBJC_ISA_USAGE = YES_ERROR;
				CLANG_WARN_DOCUMENTATION_COMMENTS = YES;
				CLANG_WARN_EMPTY_BODY = YES;
				CLANG_WARN_ENUM_CONVERSION = YES;
				CLANG_WARN_INFINITE_RECURSION = YES;
				CLANG_WARN_INT_CONVERSION = YES;
				CLANG_WARN_NON_LITERAL_NULL_CONVERSION = YES;
				CLANG_WARN_OBJC_IMPLICIT_RETAIN_SELF = YES;
				CLANG_WARN_OBJC_LITERAL_CONVERSION = YES;
				CLANG_WARN_OBJC_ROOT_CLASS = YES_ERROR;
				CLANG_WARN_QUOTED_INCLUDE_IN_FRAMEWORK_HEADER = YES;
				CLANG_WARN_RANGE_LOOP_ANALYSIS = YES;
				CLANG_WARN_STRICT_PROTOTYPES = YES;
				CLANG_WARN_SUSPICIOUS_MOVE = YES;
				CLANG_WARN_UNGUARDED_AVAILABILITY = YES_AGGRESSIVE;
				CLANG_WARN_UNREACHABLE_CODE = YES;
				CLANG_WARN__DUPLICATE_METHOD_MATCH = YES;
				COPY_PHASE_STRIP = NO;
				DEBUG_INFORMATION_FORMAT = "dwarf-with-dsym";
				ENABLE_NS_ASSERTIONS = NO;
				ENABLE_STRICT_OBJC_MSGSEND = YES;
				ENABLE_USER_SCRIPT_SANDBOXING = YES;
				GCC_C_LANGUAGE_STANDARD = gnu17;
				GCC_NO_COMMON_BLOCKS = YES;
				GCC_WARN_64_TO_32_BIT_CONVERSION = YES;
				GCC_WARN_ABOUT_RETURN_TYPE = YES_ERROR;
				GCC_WARN_UNDECLARED_SELECTOR = YES;
				GCC_WARN_UNINITIALIZED_AUTOS = YES_AGGRESSIVE;
				GCC_WARN_UNUSED_FUNCTION = YES;
				GCC_WARN_UNUSED_VARIABLE = YES;
				IPHONEOS_DEPLOYMENT_TARGET = 17.4;
				LOCALIZATION_PREFERS_STRING_CATALOGS = YES;
				MTL_ENABLE_DEBUG_INFO = NO;
				MTL_FAST_MATH = YES;
				SDKROOT = iphoneos;
				SWIFT_COMPILATION_MODE = wholemodule;
				VALIDATE_PRODUCT = YES;
			};
			name = Release;
		};
		52F3DA452BDF328A001354E5 /* Debug */ = {
			isa = XCBuildConfiguration;
			buildSettings = {
				ASSETCATALOG_COMPILER_APPICON_NAME = AppIcon;
				ASSETCATALOG_COMPILER_GLOBAL_ACCENT_COLOR_NAME = AccentColor;
				CODE_SIGN_STYLE = Automatic;
				CURRENT_PROJECT_VERSION = 1;
				DEVELOPMENT_ASSET_PATHS = "\"Animalia/Preview Content\"";
				ENABLE_PREVIEWS = YES;
				GENERATE_INFOPLIST_FILE = YES;
				INFOPLIST_KEY_UIApplicationSceneManifest_Generation = YES;
				INFOPLIST_KEY_UIApplicationSupportsIndirectInputEvents = YES;
				INFOPLIST_KEY_UILaunchScreen_Generation = YES;
				INFOPLIST_KEY_UISupportedInterfaceOrientations_iPad = "UIInterfaceOrientationPortrait UIInterfaceOrientationPortraitUpsideDown UIInterfaceOrientationLandscapeLeft UIInterfaceOrientationLandscapeRight";
				INFOPLIST_KEY_UISupportedInterfaceOrientations_iPhone = "UIInterfaceOrientationPortrait UIInterfaceOrientationLandscapeLeft UIInterfaceOrientationLandscapeRight";
				IPHONEOS_DEPLOYMENT_TARGET = 17.0;
				LD_RUNPATH_SEARCH_PATHS = (
					"$(inherited)",
					"@executable_path/Frameworks",
				);
				MARKETING_VERSION = 1.0;
				PRODUCT_BUNDLE_IDENTIFIER = com.rizalpratama.Animalia;
				PRODUCT_NAME = "$(TARGET_NAME)";
				SWIFT_EMIT_LOC_STRINGS = YES;
				SWIFT_VERSION = 5.0;
				TARGETED_DEVICE_FAMILY = "1,2";
			};
			name = Debug;
		};
		52F3DA462BDF328A001354E5 /* Release */ = {
			isa = XCBuildConfiguration;
			buildSettings = {
				ASSETCATALOG_COMPILER_APPICON_NAME = AppIcon;
				ASSETCATALOG_COMPILER_GLOBAL_ACCENT_COLOR_NAME = AccentColor;
				CODE_SIGN_STYLE = Automatic;
				CURRENT_PROJECT_VERSION = 1;
				DEVELOPMENT_ASSET_PATHS = "\"Animalia/Preview Content\"";
				ENABLE_PREVIEWS = YES;
				GENERATE_INFOPLIST_FILE = YES;
				INFOPLIST_KEY_UIApplicationSceneManifest_Generation = YES;
				INFOPLIST_KEY_UIApplicationSupportsIndirectInputEvents = YES;
				INFOPLIST_KEY_UILaunchScreen_Generation = YES;
				INFOPLIST_KEY_UISupportedInterfaceOrientations_iPad = "UIInterfaceOrientationPortrait UIInterfaceOrientationPortraitUpsideDown UIInterfaceOrientationLandscapeLeft UIInterfaceOrientationLandscapeRight";
				INFOPLIST_KEY_UISupportedInterfaceOrientations_iPhone = "UIInterfaceOrientationPortrait UIInterfaceOrientationLandscapeLeft UIInterfaceOrientationLandscapeRight";
				IPHONEOS_DEPLOYMENT_TARGET = 17.0;
				LD_RUNPATH_SEARCH_PATHS = (
					"$(inherited)",
					"@executable_path/Frameworks",
				);
				MARKETING_VERSION = 1.0;
				PRODUCT_BUNDLE_IDENTIFIER = com.rizalpratama.Animalia;
				PRODUCT_NAME = "$(TARGET_NAME)";
				SWIFT_EMIT_LOC_STRINGS = YES;
				SWIFT_VERSION = 5.0;
				TARGETED_DEVICE_FAMILY = "1,2";
			};
			name = Release;
		};
		52F3DA482BDF328A001354E5 /* Debug */ = {
			isa = XCBuildConfiguration;
			buildSettings = {
				ALWAYS_EMBED_SWIFT_STANDARD_LIBRARIES = YES;
				BUNDLE_LOADER = "$(TEST_HOST)";
				CODE_SIGN_STYLE = Automatic;
				CURRENT_PROJECT_VERSION = 1;
				GENERATE_INFOPLIST_FILE = YES;
				IPHONEOS_DEPLOYMENT_TARGET = 17.4;
				MARKETING_VERSION = 1.0;
				PRODUCT_BUNDLE_IDENTIFIER = com.rizalpratama.AnimaliaTests;
				PRODUCT_NAME = "$(TARGET_NAME)";
				SWIFT_EMIT_LOC_STRINGS = NO;
				SWIFT_VERSION = 5.0;
				TARGETED_DEVICE_FAMILY = "1,2";
				TEST_HOST = "$(BUILT_PRODUCTS_DIR)/Animalia.app/$(BUNDLE_EXECUTABLE_FOLDER_PATH)/Animalia";
			};
			name = Debug;
		};
		52F3DA492BDF328A001354E5 /* Release */ = {
			isa = XCBuildConfiguration;
			buildSettings = {
				ALWAYS_EMBED_SWIFT_STANDARD_LIBRARIES = YES;
				BUNDLE_LOADER = "$(TEST_HOST)";
				CODE_SIGN_STYLE = Automatic;
				CURRENT_PROJECT_VERSION = 1;
				GENERATE_INFOPLIST_FILE = YES;
				IPHONEOS_DEPLOYMENT_TARGET = 17.4;
				MARKETING_VERSION = 1.0;
				PRODUCT_BUNDLE_IDENTIFIER = com.rizalpratama.AnimaliaTests;
				PRODUCT_NAME = "$(TARGET_NAME)";
				SWIFT_EMIT_LOC_STRINGS = NO;
				SWIFT_VERSION = 5.0;
				TARGETED_DEVICE_FAMILY = "1,2";
				TEST_HOST = "$(BUILT_PRODUCTS_DIR)/Animalia.app/$(BUNDLE_EXECUTABLE_FOLDER_PATH)/Animalia";
			};
			name = Release;
		};
		52F3DA4B2BDF328A001354E5 /* Debug */ = {
			isa = XCBuildConfiguration;
			buildSettings = {
				ALWAYS_EMBED_SWIFT_STANDARD_LIBRARIES = YES;
				CODE_SIGN_STYLE = Automatic;
				CURRENT_PROJECT_VERSION = 1;
				GENERATE_INFOPLIST_FILE = YES;
				MARKETING_VERSION = 1.0;
				PRODUCT_BUNDLE_IDENTIFIER = com.rizalpratama.AnimaliaUITests;
				PRODUCT_NAME = "$(TARGET_NAME)";
				SWIFT_EMIT_LOC_STRINGS = NO;
				SWIFT_VERSION = 5.0;
				TARGETED_DEVICE_FAMILY = "1,2";
				TEST_TARGET_NAME = Animalia;
			};
			name = Debug;
		};
		52F3DA4C2BDF328A001354E5 /* Release */ = {
			isa = XCBuildConfiguration;
			buildSettings = {
				ALWAYS_EMBED_SWIFT_STANDARD_LIBRARIES = YES;
				CODE_SIGN_STYLE = Automatic;
				CURRENT_PROJECT_VERSION = 1;
				GENERATE_INFOPLIST_FILE = YES;
				MARKETING_VERSION = 1.0;
				PRODUCT_BUNDLE_IDENTIFIER = com.rizalpratama.AnimaliaUITests;
				PRODUCT_NAME = "$(TARGET_NAME)";
				SWIFT_EMIT_LOC_STRINGS = NO;
				SWIFT_VERSION = 5.0;
				TARGETED_DEVICE_FAMILY = "1,2";
				TEST_TARGET_NAME = Animalia;
			};
			name = Release;
		};
/* End XCBuildConfiguration section */

/* Begin XCConfigurationList section */
		52F3DA1B2BDF3288001354E5 /* Build configuration list for PBXProject "Animalia" */ = {
			isa = XCConfigurationList;
			buildConfigurations = (
				52F3DA422BDF328A001354E5 /* Debug */,
				52F3DA432BDF328A001354E5 /* Release */,
			);
			defaultConfigurationIsVisible = 0;
			defaultConfigurationName = Release;
		};
		52F3DA442BDF328A001354E5 /* Build configuration list for PBXNativeTarget "Animalia" */ = {
			isa = XCConfigurationList;
			buildConfigurations = (
				52F3DA452BDF328A001354E5 /* Debug */,
				52F3DA462BDF328A001354E5 /* Release */,
			);
			defaultConfigurationIsVisible = 0;
			defaultConfigurationName = Release;
		};
		52F3DA472BDF328A001354E5 /* Build configuration list for PBXNativeTarget "AnimaliaTests" */ = {
			isa = XCConfigurationList;
			buildConfigurations = (
				52F3DA482BDF328A001354E5 /* Debug */,
				52F3DA492BDF328A001354E5 /* Release */,
			);
			defaultConfigurationIsVisible = 0;
			defaultConfigurationName = Release;
		};
		52F3DA4A2BDF328A001354E5 /* Build configuration list for PBXNativeTarget "AnimaliaUITests" */ = {
			isa = XCConfigurationList;
			buildConfigurations = (
				52F3DA4B2BDF328A001354E5 /* Debug */,
				52F3DA4C2BDF328A001354E5 /* Release */,
			);
			defaultConfigurationIsVisible = 0;
			defaultConfigurationName = Release;
		};
/* End XCConfigurationList section */
	};
	rootObject = 52F3DA182BDF3288001354E5 /* Project object */;
}
